
Microsoft Visual Studio Solution File, Format Version 12.00
# Visual Studio 15
VisualStudioVersion = 15.0.27130.2027
MinimumVisualStudioVersion = 10.0.40219.1
Project("{FAE04EC0-301F-11D3-BF4B-00C04F79EFBC}") = "Lab02", "Lab02\Lab02.csproj", "{2140BEB2-DC6A-4A95-8B24-117546C99300}"
EndProject
Project("{FAE04EC0-301F-11D3-BF4B-00C04F79EFBC}") = "Lab02.Tests", "Lab02.Tests\Lab02.Tests.csproj", "{5690A019-99BB-4A05-92B3-5CDD721D03FF}"
EndProject
Global
	GlobalSection(SolutionConfigurationPlatforms) = preSolution
		Debug|Any CPU = Debug|Any CPU
		Release|Any CPU = Release|Any CPU
	EndGlobalSection
	GlobalSection(ProjectConfigurationPlatforms) = postSolution
		{2140BEB2-DC6A-4A95-8B24-117546C99300}.Debug|Any CPU.ActiveCfg = Debug|Any CPU
		{2140BEB2-DC6A-4A95-8B24-117546C99300}.Debug|Any CPU.Build.0 = Debug|Any CPU
		{2140BEB2-DC6A-4A95-8B24-117546C99300}.Release|Any CPU.ActiveCfg = Release|Any CPU
		{2140BEB2-DC6A-4A95-8B24-117546C99300}.Release|Any CPU.Build.0 = Release|Any CPU
		{5690A019-99BB-4A05-92B3-5CDD721D03FF}.Debug|Any CPU.ActiveCfg = Debug|Any CPU
		{5690A019-99BB-4A05-92B3-5CDD721D03FF}.Debug|Any CPU.Build.0 = Debug|Any CPU
		{5690A019-99BB-4A05-92B3-5CDD721D03FF}.Release|Any CPU.ActiveCfg = Release|Any CPU
		{5690A019-99BB-4A05-92B3-5CDD721D03FF}.Release|Any CPU.Build.0 = Release|Any CPU
	EndGlobalSection
	GlobalSection(SolutionProperties) = preSolution
		HideSolutionNode = FALSE
	EndGlobalSection
	GlobalSection(ExtensibilityGlobals) = postSolution
		SolutionGuid = {BAA57D61-4619-424D-A907-AD1D8AD98F8F}
	EndGlobalSection
EndGlobal
